
Microsoft Visual Studio Solution File, Format Version 12.00
# Visual Studio Version 17
VisualStudioVersion = 17.0.31919.166
MinimumVisualStudioVersion = 10.0.40219.1
Project("{9A19103F-16F7-4668-BE54-9A1E7A4F7556}") = "PGS", "PGS.csproj", "{91447AE4-D931-431A-A3A0-2E9BCB5C22F0}"
EndProject
Global
	GlobalSection(SolutionConfigurationPlatforms) = preSolution
		Debug|Any CPU = Debug|Any CPU
		Release|Any CPU = Release|Any CPU
	EndGlobalSection
	GlobalSection(ProjectConfigurationPlatforms) = postSolution
		{91447AE4-D931-431A-A3A0-2E9BCB5C22F0}.Debug|Any CPU.ActiveCfg = Debug|Any CPU
		{91447AE4-D931-431A-A3A0-2E9BCB5C22F0}.Debug|Any CPU.Build.0 = Debug|Any CPU
		{91447AE4-D931-431A-A3A0-2E9BCB5C22F0}.Release|Any CPU.ActiveCfg = Release|Any CPU
		{91447AE4-D931-431A-A3A0-2E9BCB5C22F0}.Release|Any CPU.Build.0 = Release|Any CPU
	EndGlobalSection
	GlobalSection(SolutionProperties) = preSolution
		HideSolutionNode = FALSE
	EndGlobalSection
	GlobalSection(ExtensibilityGlobals) = postSolution
		SolutionGuid = {F5B80442-162A-4DFB-A116-99C82D4DF9D6}
	EndGlobalSection
EndGlobal
